{
  "name": "@piagent/platform",
  "version": "1.0.1",
  "lockfileVersion": 3,
  "requires": true,
  "packages": {
    "": {
      "name": "@piagent/platform",
      "version": "1.0.1",
      "license": "MIT",
      "workspaces": [
        "packages/*"
      ],
      "bin": {
        "piagent-auto": "scripts/piagent-cli.mjs",
        "piagent-benchmark": "scripts/piagent-cli.mjs",
        "piagent-capabilities": "scripts/piagent-cli.mjs",
        "piagent-doctor": "scripts/piagent-cli.mjs",
        "piagent-import-instructions": "scripts/piagent-cli.mjs",
        "piagent-init": "scripts/piagent-cli.mjs",
        "piagent-install": "scripts/piagent-cli.mjs",
        "piagent-mcp": "scripts/piagent-cli.mjs",
        "piagent-migrate": "scripts/piagent-cli.mjs",
        "piagent-model-scope": "scripts/piagent-cli.mjs",
        "piagent-models": "scripts/piagent-cli.mjs",
        "piagent-setup": "scripts/piagent-cli.mjs",
        "piagent-subagents": "scripts/piagent-cli.mjs",
        "piagent-usage": "scripts/piagent-cli.mjs"
      },
      "devDependencies": {
        "@types/node": "^26.1.1",
        "typescript": "^5.8.3"
      },
      "engines": {
        "node": ">=22.19.0"
      },
      "peerDependencies": {
        "@earendil-works/pi-ai": "0.81.1",
        "@earendil-works/pi-coding-agent": "0.81.1",
        "typebox": "1.1.38"
      },
      "peerDependenciesMeta": {
        "@earendil-works/pi-ai": {
          "optional": true
        },
        "@earendil-works/pi-coding-agent": {
          "optional": true
        },
        "typebox": {
          "optional": true
        }
      }
    },
    "node_modules/@piagent/core": {
      "resolved": "packages/piagent-core",
      "link": true
    },
    "node_modules/@types/node": {
      "version": "26.1.1",
      "resolved": "https://registry.npmjs.org/@types/node/-/node-26.1.1.tgz",
      "integrity": "sha512-nxAkRSVkN1Y0JC1W8ky/fTfkGsMmcrRsbx+3XoZE+rMOX71kLYTV7fLXpqud1GpbpP5TuffXFqfX7fH2GgZREw==",
      "dev": true,
      "license": "MIT",
      "dependencies": {
        "undici-types": "~8.3.0"
      }
    },
    "node_modules/typescript": {
      "version": "5.9.3",
      "resolved": "https://registry.npmjs.org/typescript/-/typescript-5.9.3.tgz",
      "integrity": "sha512-jl1vZzPDinLr9eUt3J/t7V6FgNEw9QjvBPdysz9KfQDD41fQrC2Y4vKQdiaUpFT4bXlb1RHhLpp8wtm6M5TgSw==",
      "dev": true,
      "license": "Apache-2.0",
      "bin": {
        "tsc": "bin/tsc",
        "tsserver": "bin/tsserver"
      },
      "engines": {
        "node": ">=14.17"
      }
    },
    "node_modules/undici-types": {
      "version": "8.3.0",
      "resolved": "https://registry.npmjs.org/undici-types/-/undici-types-8.3.0.tgz",
      "integrity": "sha512-j375ScV60dom+YkPFIfTLcOiPxkN/buHz5GobjLhixFuANaNs3C9l4GmrWqejgXWJ7BbJcFYpTEUkS1Ge8bpZQ==",
      "dev": true,
      "license": "MIT"
    },
    "packages/piagent-core": {
      "name": "@piagent/core",
      "version": "1.0.1",
      "license": "MIT",
      "engines": {
        "node": ">=22.19.0"
      },
      "peerDependencies": {
        "@earendil-works/pi-coding-agent": "0.81.1",
        "typebox": "1.1.38"
      },
      "peerDependenciesMeta": {
        "@earendil-works/pi-coding-agent": {
          "optional": true
        },
        "typebox": {
          "optional": true
        }
      }
    }
  }
}
